
Microsoft Visual Studio Solution File, Format Version 12.00
# Visual Studio Version 16
VisualStudioVersion = 16.0.29306.81
MinimumVisualStudioVersion = 10.0.40219.1
Project("{2150E333-8FDC-42A3-9474-1A3956D46DE8}") = "Solution Items", "Solution Items", "{7591AAF8-AA60-471B-8434-29BD7DC7D24F}"
	ProjectSection(SolutionItems) = preProject
		Doc\Berechnung.docx = Doc\Berechnung.docx
		Doc\HG7881C_EN.pdf = Doc\HG7881C_EN.pdf
		Doc\j8header-3b-large.png = Doc\j8header-3b-large.png
	EndProjectSection
EndProject
Project("{8BC9CEB8-8B4A-11D0-8D11-00A0C91BC942}") = "opencv_windows", "opencv_windows\opencv_windows.vcxproj", "{73E5DB30-9398-42FC-830D-7DAA1D8425C0}"
	ProjectSection(ProjectDependencies) = postProject
		{5883A6E6-555E-417E-91A7-298F74D2C66F} = {5883A6E6-555E-417E-91A7-298F74D2C66F}
	EndProjectSection
EndProject
Project("{8BC9CEB8-8B4A-11D0-8D11-00A0C91BC942}") = "raspi", "raspi\raspi.vcxproj", "{5883A6E6-555E-417E-91A7-298F74D2C66F}"
EndProject
Global
	GlobalSection(SolutionConfigurationPlatforms) = preSolution
		Debug|ARM = Debug|ARM
		Debug|x64 = Debug|x64
		Debug|x86 = Debug|x86
		Release|ARM = Release|ARM
		Release|x64 = Release|x64
		Release|x86 = Release|x86
	EndGlobalSection
	GlobalSection(ProjectConfigurationPlatforms) = postSolution
		{73E5DB30-9398-42FC-830D-7DAA1D8425C0}.Debug|ARM.ActiveCfg = Debug|x64
		{73E5DB30-9398-42FC-830D-7DAA1D8425C0}.Debug|ARM.Build.0 = Debug|x64
		{73E5DB30-9398-42FC-830D-7DAA1D8425C0}.Debug|x64.ActiveCfg = Debug|x64
		{73E5DB30-9398-42FC-830D-7DAA1D8425C0}.Debug|x64.Build.0 = Debug|x64
		{73E5DB30-9398-42FC-830D-7DAA1D8425C0}.Debug|x86.ActiveCfg = Debug|x64
		{73E5DB30-9398-42FC-830D-7DAA1D8425C0}.Debug|x86.Build.0 = Debug|x64
		{73E5DB30-9398-42FC-830D-7DAA1D8425C0}.Release|ARM.ActiveCfg = Debug|x64
		{73E5DB30-9398-42FC-830D-7DAA1D8425C0}.Release|ARM.Build.0 = Debug|x64
		{73E5DB30-9398-42FC-830D-7DAA1D8425C0}.Release|x64.ActiveCfg = Debug|x64
		{73E5DB30-9398-42FC-830D-7DAA1D8425C0}.Release|x64.Build.0 = Debug|x64
		{73E5DB30-9398-42FC-830D-7DAA1D8425C0}.Release|x86.ActiveCfg = Debug|x64
		{73E5DB30-9398-42FC-830D-7DAA1D8425C0}.Release|x86.Build.0 = Debug|x64
		{5883A6E6-555E-417E-91A7-298F74D2C66F}.Debug|ARM.ActiveCfg = Debug|ARM
		{5883A6E6-555E-417E-91A7-298F74D2C66F}.Debug|ARM.Build.0 = Debug|ARM
		{5883A6E6-555E-417E-91A7-298F74D2C66F}.Debug|x64.ActiveCfg = Debug|ARM
		{5883A6E6-555E-417E-91A7-298F74D2C66F}.Debug|x64.Build.0 = Debug|ARM
		{5883A6E6-555E-417E-91A7-298F74D2C66F}.Debug|x86.ActiveCfg = Debug|ARM
		{5883A6E6-555E-417E-91A7-298F74D2C66F}.Release|ARM.ActiveCfg = Debug|ARM
		{5883A6E6-555E-417E-91A7-298F74D2C66F}.Release|ARM.Build.0 = Debug|ARM
		{5883A6E6-555E-417E-91A7-298F74D2C66F}.Release|x64.ActiveCfg = Debug|ARM
		{5883A6E6-555E-417E-91A7-298F74D2C66F}.Release|x64.Build.0 = Debug|ARM
		{5883A6E6-555E-417E-91A7-298F74D2C66F}.Release|x86.ActiveCfg = Debug|ARM
		{5883A6E6-555E-417E-91A7-298F74D2C66F}.Release|x86.Build.0 = Debug|ARM
	EndGlobalSection
	GlobalSection(SolutionProperties) = preSolution
		HideSolutionNode = FALSE
	EndGlobalSection
	GlobalSection(ExtensibilityGlobals) = postSolution
		SolutionGuid = {DAF1E859-6165-4797-BF99-4587031BB299}
	EndGlobalSection
EndGlobal
