<?xml version="1.0" encoding="utf-8"?>
<Project ToolsVersion="4.0" xmlns="http://schemas.microsoft.com/developer/msbuild/2003">
  <ItemGroup>
    <ClCompile Include="camera_calibration.cpp">
      <Filter>Quelldateien</Filter>
    </ClCompile>
    <ClCompile Include="driver.cpp">
      <Filter>Quelldateien</Filter>
    </ClCompile>
    <ClCompile Include="follower.cpp">
      <Filter>Quelldateien</Filter>
    </ClCompile>
    <ClCompile Include="Motor.cpp">
      <Filter>Quelldateien</Filter>
    </ClCompile>
    <ClCompile Include="neck.cpp">
      <Filter>Quelldateien</Filter>
    </ClCompile>
    <ClCompile Include="robot.cpp">
      <Filter>Quelldateien</Filter>
    </ClCompile>
    <ClCompile Include="SerialPort_raspi.cpp">
      <Filter>Quelldateien</Filter>
    </ClCompile>
    <ClCompile Include="Servos.cpp">
      <Filter>Quelldateien</Filter>
    </ClCompile>
    <ClCompile Include="..\UDP_Base.cpp">
      <Filter>Quelldateien</Filter>
    </ClCompile>
  </ItemGroup>
  <ItemGroup>
    <ClInclude Include="camera_calibration.h">
      <Filter>Headerdateien</Filter>
    </ClInclude>
    <ClInclude Include="driver.h">
      <Filter>Headerdateien</Filter>
    </ClInclude>
    <ClInclude Include="follower.h">
      <Filter>Headerdateien</Filter>
    </ClInclude>
    <ClInclude Include="Motor.h">
      <Filter>Headerdateien</Filter>
    </ClInclude>
    <ClInclude Include="neck.h">
      <Filter>Headerdateien</Filter>
    </ClInclude>
    <ClInclude Include="robot.h">
      <Filter>Headerdateien</Filter>
    </ClInclude>
    <ClInclude Include="SerialPort_raspi.h">
      <Filter>Headerdateien</Filter>
    </ClInclude>
    <ClInclude Include="Servos.h">
      <Filter>Headerdateien</Filter>
    </ClInclude>
    <ClInclude Include="..\UDP_Base.h">
      <Filter>Headerdateien</Filter>
    </ClInclude>
    <ClInclude Include="..\xsocket.hpp">
      <Filter>Headerdateien</Filter>
    </ClInclude>
  </ItemGroup>
  <ItemGroup>
    <Xml Include="..\out_camera_data.xml" />
    <Xml Include="default.xml" />
  </ItemGroup>
  <ItemGroup>
    <Filter Include="Quelldateien">
      <UniqueIdentifier>{74aff662-75e2-46a0-ba84-7be6a7cae410}</UniqueIdentifier>
    </Filter>
    <Filter Include="Headerdateien">
      <UniqueIdentifier>{32360b66-3687-431c-bb26-19a18327f638}</UniqueIdentifier>
    </Filter>
  </ItemGroup>
</Project>